
Microsoft Visual Studio Solution File, Format Version 12.00
# Visual Studio Version 16
VisualStudioVersion = 25.0.1700.0
MinimumVisualStudioVersion = 10.0.40219.1
Project("{FAE04EC0-301F-11D3-BF4B-00C04F79EFBC}") = "FinalChatApp", "FinalChatApp\FinalChatApp.csproj", "{FEF4BC82-A354-4ECA-A672-76BFAA8E257F}"
EndProject
Global
	GlobalSection(SolutionConfigurationPlatforms) = preSolution
		Debug|Any CPU = Debug|Any CPU
		Release|Any CPU = Release|Any CPU
	EndGlobalSection
	GlobalSection(ProjectConfigurationPlatforms) = postSolution
		{FEF4BC82-A354-4ECA-A672-76BFAA8E257F}.Debug|Any CPU.ActiveCfg = Debug|Any CPU
		{FEF4BC82-A354-4ECA-A672-76BFAA8E257F}.Debug|Any CPU.Build.0 = Debug|Any CPU
		{FEF4BC82-A354-4ECA-A672-76BFAA8E257F}.Release|Any CPU.ActiveCfg = Release|Any CPU
		{FEF4BC82-A354-4ECA-A672-76BFAA8E257F}.Release|Any CPU.Build.0 = Release|Any CPU
	EndGlobalSection
	GlobalSection(SolutionProperties) = preSolution
		HideSolutionNode = FALSE
	EndGlobalSection
	GlobalSection(ExtensibilityGlobals) = postSolution
		SolutionGuid = {4027B6B1-A113-49E8-BE33-09C285004786}
	EndGlobalSection
EndGlobal
